
Microsoft Visual Studio Solution File, Format Version 12.00
# Visual Studio 15
VisualStudioVersion = 15.0.28307.421
MinimumVisualStudioVersion = 10.0.40219.1
Project("{FAE04EC0-301F-11D3-BF4B-00C04F79EFBC}") = "Bodega.Web", "Bodega.Web\Bodega.Web.csproj", "{18F54C45-E7ED-4659-8F0D-5EC766B3DE2E}"
EndProject
Project("{FAE04EC0-301F-11D3-BF4B-00C04F79EFBC}") = "Bodega.Dal", "Bodega.Dal\Bodega.Dal.csproj", "{727E06D9-31E4-4229-9DD9-7A82E63042B3}"
EndProject
Project("{FAE04EC0-301F-11D3-BF4B-00C04F79EFBC}") = "Bodega.Services", "Bodega.Services\Bodega.Services.csproj", "{5B6827AD-6D55-4724-BA2F-F7092BD3E2D1}"
EndProject
Global
	GlobalSection(SolutionConfigurationPlatforms) = preSolution
		Debug|Any CPU = Debug|Any CPU
		Release|Any CPU = Release|Any CPU
	EndGlobalSection
	GlobalSection(ProjectConfigurationPlatforms) = postSolution
		{18F54C45-E7ED-4659-8F0D-5EC766B3DE2E}.Debug|Any CPU.ActiveCfg = Debug|Any CPU
		{18F54C45-E7ED-4659-8F0D-5EC766B3DE2E}.Debug|Any CPU.Build.0 = Debug|Any CPU
		{18F54C45-E7ED-4659-8F0D-5EC766B3DE2E}.Release|Any CPU.ActiveCfg = Release|Any CPU
		{18F54C45-E7ED-4659-8F0D-5EC766B3DE2E}.Release|Any CPU.Build.0 = Release|Any CPU
		{727E06D9-31E4-4229-9DD9-7A82E63042B3}.Debug|Any CPU.ActiveCfg = Debug|Any CPU
		{727E06D9-31E4-4229-9DD9-7A82E63042B3}.Debug|Any CPU.Build.0 = Debug|Any CPU
		{727E06D9-31E4-4229-9DD9-7A82E63042B3}.Release|Any CPU.ActiveCfg = Release|Any CPU
		{727E06D9-31E4-4229-9DD9-7A82E63042B3}.Release|Any CPU.Build.0 = Release|Any CPU
		{5B6827AD-6D55-4724-BA2F-F7092BD3E2D1}.Debug|Any CPU.ActiveCfg = Debug|Any CPU
		{5B6827AD-6D55-4724-BA2F-F7092BD3E2D1}.Debug|Any CPU.Build.0 = Debug|Any CPU
		{5B6827AD-6D55-4724-BA2F-F7092BD3E2D1}.Release|Any CPU.ActiveCfg = Release|Any CPU
		{5B6827AD-6D55-4724-BA2F-F7092BD3E2D1}.Release|Any CPU.Build.0 = Release|Any CPU
	EndGlobalSection
	GlobalSection(SolutionProperties) = preSolution
		HideSolutionNode = FALSE
	EndGlobalSection
	GlobalSection(ExtensibilityGlobals) = postSolution
		SolutionGuid = {E283E2FC-FE95-4B92-B761-3F89E2E22D0E}
	EndGlobalSection
EndGlobal
